// !$*UTF8*$!
{
	archiveVersion = 1;
	classes = {
	};
	objectVersion = 46;
	objects = {

/* Begin PBXBuildFile section */
		581E47F91D946AE500CACAB1 /* PollPHPConnector.swift in Sources */ = {isa = PBXBuildFile; fileRef = 581E47F81D946AE500CACAB1 /* PollPHPConnector.swift */; };
		581E47FB1D948BA700CACAB1 /* User.swift in Sources */ = {isa = PBXBuildFile; fileRef = 581E47FA1D948BA700CACAB1 /* User.swift */; };
		582FE3651D9898B700990D77 /* LoginViewController.swift in Sources */ = {isa = PBXBuildFile; fileRef = 582FE3641D9898B700990D77 /* LoginViewController.swift */; };
		582FE3691D98A35600990D77 /* RegisterViewController.swift in Sources */ = {isa = PBXBuildFile; fileRef = 582FE3681D98A35600990D77 /* RegisterViewController.swift */; };
		582FE36B1D98A83500990D77 /* VoterAppViewController.swift in Sources */ = {isa = PBXBuildFile; fileRef = 582FE36A1D98A83500990D77 /* VoterAppViewController.swift */; };
		585A78F41D9A27F5005839D5 /* ForgotPasswordViewController.swift in Sources */ = {isa = PBXBuildFile; fileRef = 585A78F31D9A27F5005839D5 /* ForgotPasswordViewController.swift */; };
		58CF5F431D9C40A7004C3116 /* MakeAPollViewController.swift in Sources */ = {isa = PBXBuildFile; fileRef = 58CF5F421D9C40A7004C3116 /* MakeAPollViewController.swift */; };
		58CF5F451D9C40D6004C3116 /* AboutViewController.swift in Sources */ = {isa = PBXBuildFile; fileRef = 58CF5F441D9C40D6004C3116 /* AboutViewController.swift */; };
		58CF5F471D9C410A004C3116 /* ContactViewController.swift in Sources */ = {isa = PBXBuildFile; fileRef = 58CF5F461D9C410A004C3116 /* ContactViewController.swift */; };
		58CF5F491D9C4124004C3116 /* PollListViewController.swift in Sources */ = {isa = PBXBuildFile; fileRef = 58CF5F481D9C4124004C3116 /* PollListViewController.swift */; };
		58CF5F4B1D9C4164004C3116 /* PollResultsViewController.swift in Sources */ = {isa = PBXBuildFile; fileRef = 58CF5F4A1D9C4164004C3116 /* PollResultsViewController.swift */; };
		58CF5F4D1D9C418C004C3116 /* VoteForTwoViewController.swift in Sources */ = {isa = PBXBuildFile; fileRef = 58CF5F4C1D9C418C004C3116 /* VoteForTwoViewController.swift */; };
		58CF5F4F1D9C41AD004C3116 /* VoteMoreOptionsViewController.swift in Sources */ = {isa = PBXBuildFile; fileRef = 58CF5F4E1D9C41AD004C3116 /* VoteMoreOptionsViewController.swift */; };
		58F3E7911D8A49DA001E4C65 /* AppDelegate.swift in Sources */ = {isa = PBXBuildFile; fileRef = 58F3E7901D8A49DA001E4C65 /* AppDelegate.swift */; };
		58F3E7961D8A49DA001E4C65 /* Main.storyboard in Resources */ = {isa = PBXBuildFile; fileRef = 58F3E7941D8A49DA001E4C65 /* Main.storyboard */; };
		58F3E7981D8A49DA001E4C65 /* Assets.xcassets in Resources */ = {isa = PBXBuildFile; fileRef = 58F3E7971D8A49DA001E4C65 /* Assets.xcassets */; };
		58F3E79B1D8A49DA001E4C65 /* LaunchScreen.storyboard in Resources */ = {isa = PBXBuildFile; fileRef = 58F3E7991D8A49DA001E4C65 /* LaunchScreen.storyboard */; };
		58F3E7A41D8A4A29001E4C65 /* Poll.swift in Sources */ = {isa = PBXBuildFile; fileRef = 58F3E7A31D8A4A29001E4C65 /* Poll.swift */; };
		58F3E7A61D8A4A65001E4C65 /* PollMethod.swift in Sources */ = {isa = PBXBuildFile; fileRef = 58F3E7A51D8A4A65001E4C65 /* PollMethod.swift */; };
/* End PBXBuildFile section */

/* Begin PBXFileReference section */
		581E47F81D946AE500CACAB1 /* PollPHPConnector.swift */ = {isa = PBXFileReference; fileEncoding = 4; lastKnownFileType = sourcecode.swift; path = PollPHPConnector.swift; sourceTree = "<group>"; };
		581E47FA1D948BA700CACAB1 /* User.swift */ = {isa = PBXFileReference; fileEncoding = 4; lastKnownFileType = sourcecode.swift; path = User.swift; sourceTree = "<group>"; };
		582FE3641D9898B700990D77 /* LoginViewController.swift */ = {isa = PBXFileReference; fileEncoding = 4; lastKnownFileType = sourcecode.swift; path = LoginViewController.swift; sourceTree = "<group>"; };
		582FE3681D98A35600990D77 /* RegisterViewController.swift */ = {isa = PBXFileReference; fileEncoding = 4; lastKnownFileType = sourcecode.swift; path = RegisterViewController.swift; sourceTree = "<group>"; };
		582FE36A1D98A83500990D77 /* VoterAppViewController.swift */ = {isa = PBXFileReference; fileEncoding = 4; lastKnownFileType = sourcecode.swift; path = VoterAppViewController.swift; sourceTree = "<group>"; };
		585A78F31D9A27F5005839D5 /* ForgotPasswordViewController.swift */ = {isa = PBXFileReference; fileEncoding = 4; lastKnownFileType = sourcecode.swift; path = ForgotPasswordViewController.swift; sourceTree = "<group>"; };
		58CF5F421D9C40A7004C3116 /* MakeAPollViewController.swift */ = {isa = PBXFileReference; fileEncoding = 4; lastKnownFileType = sourcecode.swift; path = MakeAPollViewController.swift; sourceTree = "<group>"; };
		58CF5F441D9C40D6004C3116 /* AboutViewController.swift */ = {isa = PBXFileReference; fileEncoding = 4; lastKnownFileType = sourcecode.swift; path = AboutViewController.swift; sourceTree = "<group>"; };
		58CF5F461D9C410A004C3116 /* ContactViewController.swift */ = {isa = PBXFileReference; fileEncoding = 4; lastKnownFileType = sourcecode.swift; path = ContactViewController.swift; sourceTree = "<group>"; };
		58CF5F481D9C4124004C3116 /* PollListViewController.swift */ = {isa = PBXFileReference; fileEncoding = 4; lastKnownFileType = sourcecode.swift; path = PollListViewController.swift; sourceTree = "<group>"; };
		58CF5F4A1D9C4164004C3116 /* PollResultsViewController.swift */ = {isa = PBXFileReference; fileEncoding = 4; lastKnownFileType = sourcecode.swift; path = PollResultsViewController.swift; sourceTree = "<group>"; };
		58CF5F4C1D9C418C004C3116 /* VoteForTwoViewController.swift */ = {isa = PBXFileReference; fileEncoding = 4; lastKnownFileType = sourcecode.swift; path = VoteForTwoViewController.swift; sourceTree = "<group>"; };
		58CF5F4E1D9C41AD004C3116 /* VoteMoreOptionsViewController.swift */ = {isa = PBXFileReference; fileEncoding = 4; lastKnownFileType = sourcecode.swift; path = VoteMoreOptionsViewController.swift; sourceTree = "<group>"; };
		58F3E78D1D8A49DA001E4C65 /* VoterApp.app */ = {isa = PBXFileReference; explicitFileType = wrapper.application; includeInIndex = 0; path = VoterApp.app; sourceTree = BUILT_PRODUCTS_DIR; };
		58F3E7901D8A49DA001E4C65 /* AppDelegate.swift */ = {isa = PBXFileReference; lastKnownFileType = sourcecode.swift; path = AppDelegate.swift; sourceTree = "<group>"; };
		58F3E7951D8A49DA001E4C65 /* Base */ = {isa = PBXFileReference; lastKnownFileType = file.storyboard; name = Base; path = Base.lproj/Main.storyboard; sourceTree = "<group>"; };
		58F3E7971D8A49DA001E4C65 /* Assets.xcassets */ = {isa = PBXFileReference; lastKnownFileType = folder.assetcatalog; path = Assets.xcassets; sourceTree = "<group>"; };
		58F3E79A1D8A49DA001E4C65 /* Base */ = {isa = PBXFileReference; lastKnownFileType = file.storyboard; name = Base; path = Base.lproj/LaunchScreen.storyboard; sourceTree = "<group>"; };
		58F3E79C1D8A49DA001E4C65 /* Info.plist */ = {isa = PBXFileReference; lastKnownFileType = text.plist.xml; path = Info.plist; sourceTree = "<group>"; };
		58F3E7A31D8A4A29001E4C65 /* Poll.swift */ = {isa = PBXFileReference; fileEncoding = 4; lastKnownFileType = sourcecode.swift; path = Poll.swift; sourceTree = "<group>"; };
		58F3E7A51D8A4A65001E4C65 /* PollMethod.swift */ = {isa = PBXFileReference; fileEncoding = 4; lastKnownFileType = sourcecode.swift; path = PollMethod.swift; sourceTree = "<group>"; };
/* End PBXFileReference section */

/* Begin PBXFrameworksBuildPhase section */
		58F3E78A1D8A49DA001E4C65 /* Frameworks */ = {
			isa = PBXFrameworksBuildPhase;
			buildActionMask = 2147483647;
			files = (
			);
			runOnlyForDeploymentPostprocessing = 0;
		};
/* End PBXFrameworksBuildPhase section */

/* Begin PBXGroup section */
		582FE36C1D98A83A00990D77 /* PollingModel */ = {
			isa = PBXGroup;
			children = (
				58F3E7A31D8A4A29001E4C65 /* Poll.swift */,
				58F3E7A51D8A4A65001E4C65 /* PollMethod.swift */,
				581E47F81D946AE500CACAB1 /* PollPHPConnector.swift */,
				581E47FA1D948BA700CACAB1 /* User.swift */,
			);
			name = PollingModel;
			sourceTree = "<group>";
		};
		582FE36D1D98A84700990D77 /* Controllers */ = {
			isa = PBXGroup;
			children = (
				582FE3641D9898B700990D77 /* LoginViewController.swift */,
				582FE3681D98A35600990D77 /* RegisterViewController.swift */,
				585A78F31D9A27F5005839D5 /* ForgotPasswordViewController.swift */,
				58CF5F421D9C40A7004C3116 /* MakeAPollViewController.swift */,
				58CF5F441D9C40D6004C3116 /* AboutViewController.swift */,
				58CF5F461D9C410A004C3116 /* ContactViewController.swift */,
				58CF5F481D9C4124004C3116 /* PollListViewController.swift */,
				58CF5F4A1D9C4164004C3116 /* PollResultsViewController.swift */,
				58CF5F4C1D9C418C004C3116 /* VoteForTwoViewController.swift */,
				58CF5F4E1D9C41AD004C3116 /* VoteMoreOptionsViewController.swift */,
			);
			name = Controllers;
			sourceTree = "<group>";
		};
		58F3E7841D8A49DA001E4C65 = {
			isa = PBXGroup;
			children = (
				58F3E78F1D8A49DA001E4C65 /* VoterApp */,
				58F3E78E1D8A49DA001E4C65 /* Products */,
			);
			sourceTree = "<group>";
		};
		58F3E78E1D8A49DA001E4C65 /* Products */ = {
			isa = PBXGroup;
			children = (
				58F3E78D1D8A49DA001E4C65 /* VoterApp.app */,
			);
			name = Products;
			sourceTree = "<group>";
		};
		58F3E78F1D8A49DA001E4C65 /* VoterApp */ = {
			isa = PBXGroup;
			children = (
				582FE36D1D98A84700990D77 /* Controllers */,
				582FE36C1D98A83A00990D77 /* PollingModel */,
				58F3E7A21D8A4A00001E4C65 /* Extras */,
				58F3E7941D8A49DA001E4C65 /* Main.storyboard */,
				582FE36A1D98A83500990D77 /* VoterAppViewController.swift */,
			);
			path = VoterApp;
			sourceTree = "<group>";
		};
		58F3E7A21D8A4A00001E4C65 /* Extras */ = {
			isa = PBXGroup;
			children = (
				58F3E7901D8A49DA001E4C65 /* AppDelegate.swift */,
				58F3E79C1D8A49DA001E4C65 /* Info.plist */,
				58F3E7991D8A49DA001E4C65 /* LaunchScreen.storyboard */,
				58F3E7971D8A49DA001E4C65 /* Assets.xcassets */,
			);
			name = Extras;
			sourceTree = "<group>";
		};
/* End PBXGroup section */

/* Begin PBXNativeTarget section */
		58F3E78C1D8A49DA001E4C65 /* VoterApp */ = {
			isa = PBXNativeTarget;
			buildConfigurationList = 58F3E79F1D8A49DA001E4C65 /* Build configuration list for PBXNativeTarget "VoterApp" */;
			buildPhases = (
				58F3E7891D8A49DA001E4C65 /* Sources */,
				58F3E78A1D8A49DA001E4C65 /* Frameworks */,
				58F3E78B1D8A49DA001E4C65 /* Resources */,
			);
			buildRules = (
			);
			dependencies = (
			);
			name = VoterApp;
			productName = VoterApp;
			productReference = 58F3E78D1D8A49DA001E4C65 /* VoterApp.app */;
			productType = "com.apple.product-type.application";
		};
/* End PBXNativeTarget section */

/* Begin PBXProject section */
		58F3E7851D8A49DA001E4C65 /* Project object */ = {
			isa = PBXProject;
			attributes = {
				LastSwiftUpdateCheck = 0800;
				LastUpgradeCheck = 0800;
				ORGANIZATIONNAME = "Lorenzo Leon Robles";
				TargetAttributes = {
					58F3E78C1D8A49DA001E4C65 = {
						CreatedOnToolsVersion = 8.0;
						DevelopmentTeam = VRAEPEX9NH;
						ProvisioningStyle = Automatic;
					};
				};
			};
			buildConfigurationList = 58F3E7881D8A49DA001E4C65 /* Build configuration list for PBXProject "VoterApp" */;
			compatibilityVersion = "Xcode 3.2";
			developmentRegion = English;
			hasScannedForEncodings = 0;
			knownRegions = (
				en,
				Base,
			);
			mainGroup = 58F3E7841D8A49DA001E4C65;
			productRefGroup = 58F3E78E1D8A49DA001E4C65 /* Products */;
			projectDirPath = "";
			projectRoot = "";
			targets = (
				58F3E78C1D8A49DA001E4C65 /* VoterApp */,
			);
		};
/* End PBXProject section */

/* Begin PBXResourcesBuildPhase section */
		58F3E78B1D8A49DA001E4C65 /* Resources */ = {
			isa = PBXResourcesBuildPhase;
			buildActionMask = 2147483647;
			files = (
				58F3E79B1D8A49DA001E4C65 /* LaunchScreen.storyboard in Resources */,
				58F3E7981D8A49DA001E4C65 /* Assets.xcassets in Resources */,
				58F3E7961D8A49DA001E4C65 /* Main.storyboard in Resources */,
			);
			runOnlyForDeploymentPostprocessing = 0;
		};
/* End PBXResourcesBuildPhase section */

/* Begin PBXSourcesBuildPhase section */
		58F3E7891D8A49DA001E4C65 /* Sources */ = {
			isa = PBXSourcesBuildPhase;
			buildActionMask = 2147483647;
			files = (
				582FE3651D9898B700990D77 /* LoginViewController.swift in Sources */,
				58CF5F471D9C410A004C3116 /* ContactViewController.swift in Sources */,
				58CF5F4B1D9C4164004C3116 /* PollResultsViewController.swift in Sources */,
				582FE3691D98A35600990D77 /* RegisterViewController.swift in Sources */,
				585A78F41D9A27F5005839D5 /* ForgotPasswordViewController.swift in Sources */,
				582FE36B1D98A83500990D77 /* VoterAppViewController.swift in Sources */,
				58CF5F431D9C40A7004C3116 /* MakeAPollViewController.swift in Sources */,
				58F3E7A41D8A4A29001E4C65 /* Poll.swift in Sources */,
				58CF5F4D1D9C418C004C3116 /* VoteForTwoViewController.swift in Sources */,
				58CF5F4F1D9C41AD004C3116 /* VoteMoreOptionsViewController.swift in Sources */,
				58CF5F491D9C4124004C3116 /* PollListViewController.swift in Sources */,
				581E47FB1D948BA700CACAB1 /* User.swift in Sources */,
				58F3E7911D8A49DA001E4C65 /* AppDelegate.swift in Sources */,
				581E47F91D946AE500CACAB1 /* PollPHPConnector.swift in Sources */,
				58CF5F451D9C40D6004C3116 /* AboutViewController.swift in Sources */,
				58F3E7A61D8A4A65001E4C65 /* PollMethod.swift in Sources */,
			);
			runOnlyForDeploymentPostprocessing = 0;
		};
/* End PBXSourcesBuildPhase section */

/* Begin PBXVariantGroup section */
		58F3E7941D8A49DA001E4C65 /* Main.storyboard */ = {
			isa = PBXVariantGroup;
			children = (
				58F3E7951D8A49DA001E4C65 /* Base */,
			);
			name = Main.storyboard;
			sourceTree = "<group>";
		};
		58F3E7991D8A49DA001E4C65 /* LaunchScreen.storyboard */ = {
			isa = PBXVariantGroup;
			children = (
				58F3E79A1D8A49DA001E4C65 /* Base */,
			);
			name = LaunchScreen.storyboard;
			sourceTree = "<group>";
		};
/* End PBXVariantGroup section */

/* Begin XCBuildConfiguration section */
		58F3E79D1D8A49DA001E4C65 /* Debug */ = {
			isa = XCBuildConfiguration;
			buildSettings = {
				ALWAYS_SEARCH_USER_PATHS = NO;
				CLANG_ANALYZER_NONNULL = YES;
				CLANG_CXX_LANGUAGE_STANDARD = "gnu++0x";
				CLANG_CXX_LIBRARY = "libc++";
				CLANG_ENABLE_MODULES = YES;
				CLANG_ENABLE_OBJC_ARC = YES;
				CLANG_WARN_BOOL_CONVERSION = YES;
				CLANG_WARN_CONSTANT_CONVERSION = YES;
				CLANG_WARN_DIRECT_OBJC_ISA_USAGE = YES_ERROR;
				CLANG_WARN_DOCUMENTATION_COMMENTS = YES;
				CLANG_WARN_EMPTY_BODY = YES;
				CLANG_WARN_ENUM_CONVERSION = YES;
				CLANG_WARN_INFINITE_RECURSION = YES;
				CLANG_WARN_INT_CONVERSION = YES;
				CLANG_WARN_OBJC_ROOT_CLASS = YES_ERROR;
				CLANG_WARN_SUSPICIOUS_MOVES = YES;
				CLANG_WARN_UNREACHABLE_CODE = YES;
				CLANG_WARN__DUPLICATE_METHOD_MATCH = YES;
				"CODE_SIGN_IDENTITY[sdk=iphoneos*]" = "iPhone Developer";
				COPY_PHASE_STRIP = NO;
				DEBUG_INFORMATION_FORMAT = dwarf;
				ENABLE_STRICT_OBJC_MSGSEND = YES;
				ENABLE_TESTABILITY = YES;
				GCC_C_LANGUAGE_STANDARD = gnu99;
				GCC_DYNAMIC_NO_PIC = NO;
				GCC_NO_COMMON_BLOCKS = YES;
				GCC_OPTIMIZATION_LEVEL = 0;
				GCC_PREPROCESSOR_DEFINITIONS = (
					"DEBUG=1",
					"$(inherited)",
				);
				GCC_WARN_64_TO_32_BIT_CONVERSION = YES;
				GCC_WARN_ABOUT_RETURN_TYPE = YES_ERROR;
				GCC_WARN_UNDECLARED_SELECTOR = YES;
				GCC_WARN_UNINITIALIZED_AUTOS = YES_AGGRESSIVE;
				GCC_WARN_UNUSED_FUNCTION = YES;
				GCC_WARN_UNUSED_VARIABLE = YES;
				IPHONEOS_DEPLOYMENT_TARGET = 10.0;
				MTL_ENABLE_DEBUG_INFO = YES;
				ONLY_ACTIVE_ARCH = YES;
				SDKROOT = iphoneos;
				SWIFT_ACTIVE_COMPILATION_CONDITIONS = DEBUG;
				SWIFT_OPTIMIZATION_LEVEL = "-Onone";
				TARGETED_DEVICE_FAMILY = "1,2";
			};
			name = Debug;
		};
		58F3E79E1D8A49DA001E4C65 /* Release */ = {
			isa = XCBuildConfiguration;
			buildSettings = {
				ALWAYS_SEARCH_USER_PATHS = NO;
				CLANG_ANALYZER_NONNULL = YES;
				CLANG_CXX_LANGUAGE_STANDARD = "gnu++0x";
				CLANG_CXX_LIBRARY = "libc++";
				CLANG_ENABLE_MODULES = YES;
				CLANG_ENABLE_OBJC_ARC = YES;
				CLANG_WARN_BOOL_CONVERSION = YES;
				CLANG_WARN_CONSTANT_CONVERSION = YES;
				CLANG_WARN_DIRECT_OBJC_ISA_USAGE = YES_ERROR;
				CLANG_WARN_DOCUMENTATION_COMMENTS = YES;
				CLANG_WARN_EMPTY_BODY = YES;
				CLANG_WARN_ENUM_CONVERSION = YES;
				CLANG_WARN_INFINITE_RECURSION = YES;
				CLANG_WARN_INT_CONVERSION = YES;
				CLANG_WARN_OBJC_ROOT_CLASS = YES_ERROR;
				CLANG_WARN_SUSPICIOUS_MOVES = YES;
				CLANG_WARN_UNREACHABLE_CODE = YES;
				CLANG_WARN__DUPLICATE_METHOD_MATCH = YES;
				"CODE_SIGN_IDENTITY[sdk=iphoneos*]" = "iPhone Developer";
				COPY_PHASE_STRIP = NO;
				DEBUG_INFORMATION_FORMAT = "dwarf-with-dsym";
				ENABLE_NS_ASSERTIONS = NO;
				ENABLE_STRICT_OBJC_MSGSEND = YES;
				GCC_C_LANGUAGE_STANDARD = gnu99;
				GCC_NO_COMMON_BLOCKS = YES;
				GCC_WARN_64_TO_32_BIT_CONVERSION = YES;
				GCC_WARN_ABOUT_RETURN_TYPE = YES_ERROR;
				GCC_WARN_UNDECLARED_SELECTOR = YES;
				GCC_WARN_UNINITIALIZED_AUTOS = YES_AGGRESSIVE;
				GCC_WARN_UNUSED_FUNCTION = YES;
				GCC_WARN_UNUSED_VARIABLE = YES;
				IPHONEOS_DEPLOYMENT_TARGET = 10.0;
				MTL_ENABLE_DEBUG_INFO = NO;
				SDKROOT = iphoneos;
				SWIFT_OPTIMIZATION_LEVEL = "-Owholemodule";
				TARGETED_DEVICE_FAMILY = "1,2";
				VALIDATE_PRODUCT = YES;
			};
			name = Release;
		};
		58F3E7A01D8A49DA001E4C65 /* Debug */ = {
			isa = XCBuildConfiguration;
			buildSettings = {
				ASSETCATALOG_COMPILER_APPICON_NAME = AppIcon;
				DEVELOPMENT_TEAM = VRAEPEX9NH;
				INFOPLIST_FILE = VoterApp/Info.plist;
				LD_RUNPATH_SEARCH_PATHS = "$(inherited) @executable_path/Frameworks";
				PRODUCT_BUNDLE_IDENTIFIER = CIDE.VoterApp;
				PRODUCT_NAME = "$(TARGET_NAME)";
				SWIFT_VERSION = 3.0;
			};
			name = Debug;
		};
		58F3E7A11D8A49DA001E4C65 /* Release */ = {
			isa = XCBuildConfiguration;
			buildSettings = {
				ASSETCATALOG_COMPILER_APPICON_NAME = AppIcon;
				DEVELOPMENT_TEAM = VRAEPEX9NH;
				INFOPLIST_FILE = VoterApp/Info.plist;
				LD_RUNPATH_SEARCH_PATHS = "$(inherited) @executable_path/Frameworks";
				PRODUCT_BUNDLE_IDENTIFIER = CIDE.VoterApp;
				PRODUCT_NAME = "$(TARGET_NAME)";
				SWIFT_VERSION = 3.0;
			};
			name = Release;
		};
/* End XCBuildConfiguration section */

/* Begin XCConfigurationList section */
		58F3E7881D8A49DA001E4C65 /* Build configuration list for PBXProject "VoterApp" */ = {
			isa = XCConfigurationList;
			buildConfigurations = (
				58F3E79D1D8A49DA001E4C65 /* Debug */,
				58F3E79E1D8A49DA001E4C65 /* Release */,
			);
			defaultConfigurationIsVisible = 0;
			defaultConfigurationName = Release;
		};
		58F3E79F1D8A49DA001E4C65 /* Build configuration list for PBXNativeTarget "VoterApp" */ = {
			isa = XCConfigurationList;
			buildConfigurations = (
				58F3E7A01D8A49DA001E4C65 /* Debug */,
				58F3E7A11D8A49DA001E4C65 /* Release */,
			);
			defaultConfigurationIsVisible = 0;
			defaultConfigurationName = Release;
		};
/* End XCConfigurationList section */
	};
	rootObject = 58F3E7851D8A49DA001E4C65 /* Project object */;
}
